{
  "lockfile_version": "1",
  "packages": {
    "github:NixOS/nixpkgs/nixpkgs-unstable": {
      "last_modified": "2025-06-20T02:24:11Z",
      "resolved": "github:NixOS/nixpkgs/076e8c6678d8c54204abcb4b1b14c366835a58bb?lastModified=1750386251&narHash=sha256-1ovgdmuDYVo5OUC5NzdF%2BV4zx2uT8RtsgZahxidBTyw%3D"
    },
    "just-lsp@latest": {
      "last_modified": "2026-08-05T07:53:23Z",
      "resolved": "github:NixOS/nixpkgs/3a971fa2e67dcb0f2f2cfed2d37e7956567d73d1#just-lsp",
      "source": "devbox-search",
      "version": "0.6.1",
      "systems": {
        "aarch64-darwin": {
          "outputs": [
            {
              "name": "out",
              "path": "/nix/store/ykgczmcs2zj3k702idd050wxgabvk9nh-just-lsp-0.6.1",
              "default": true
            }
          ],
          "store_path": "/nix/store/ykgczmcs2zj3k702idd050wxgabvk9nh-just-lsp-0.6.1"
        },
        "aarch64-linux": {
          "outputs": [
            {
              "name": "out",
              "path": "/nix/store/29yycdyyvckgbyh4rvvmb7f58aq5zz12-just-lsp-0.6.1",
              "default": true
            }
          ],
          "store_path": "/nix/store/29yycdyyvckgbyh4rvvmb7f58aq5zz12-just-lsp-0.6.1"
        },
        "x86_64-linux": {
          "outputs": [
            {
              "name": "out",
              "path": "/nix/store/19zknr5zqcmaphi0pgf5f978amhkn3an-just-lsp-0.6.1",
              "default": true
            }
          ],
          "store_path": "/nix/store/19zknr5zqcmaphi0pgf5f978amhkn3an-just-lsp-0.6.1"
        }
      }
    },
    "just@latest": {
      "last_modified": "2026-08-10T07:49:06Z",
      "resolved": "github:NixOS/nixpkgs/d482ef84049d9b7276b83a06e4e4d76983830097#just",
      "source": "devbox-search",
      "version": "1.58.0",
      "systems": {
        "aarch64-darwin": {
          "outputs": [
            {
              "name": "out",
              "path": "/nix/store/ihsdfh1na2rzqalygr82d5qikiahiwnd-just-1.58.0",
              "default": true
            },
            {
              "name": "man",
              "path": "/nix/store/d7z9yd70lw20x6qqkrcks8f8s7zrydpw-just-1.58.0-man",
              "default": true
            },
            {
              "name": "doc",
              "path": "/nix/store/p47q8293iafrgiwn7qk72vb4lbhklqvr-just-1.58.0-doc"
            }
          ],
          "store_path": "/nix/store/ihsdfh1na2rzqalygr82d5qikiahiwnd-just-1.58.0"
        },
        "aarch64-linux": {
          "outputs": [
            {
              "name": "out",
              "path": "/nix/store/rd60rw62xy6kf5zxii6faq62703341pd-just-1.58.0",
              "default": true
            },
            {
              "name": "man",
              "path": "/nix/store/prarbc4z1lq4w67bkm0kiqq2la1a2i6b-just-1.58.0-man",
              "default": true
            },
            {
              "name": "doc",
              "path": "/nix/store/259q4k1fnkvc13g881m4rgah221z8j6b-just-1.58.0-doc"
            }
          ],
          "store_path": "/nix/store/rd60rw62xy6kf5zxii6faq62703341pd-just-1.58.0"
        },
        "x86_64-linux": {
          "outputs": [
            {
              "name": "out",
              "path": "/nix/store/h9prkvik9i33agvfdyr7vhk6jg3w3r59-just-1.58.0",
              "default": true
            },
            {
              "name": "man",
              "path": "/nix/store/wab754pfpxcfk0vg9i08hm2dglh7q16h-just-1.58.0-man",
              "default": true
            },
            {
              "name": "doc",
              "path": "/nix/store/0y3793yd2hpa00pdf3z8p5r5xf4j6x79-just-1.58.0-doc"
            }
          ],
          "store_path": "/nix/store/h9prkvik9i33agvfdyr7vhk6jg3w3r59-just-1.58.0"
        }
      }
    }
  }
}
